{
  "nodes": {
    "nix-idris2": {
      "inputs": {
        "nixpkgs": [
          "nixpkgs"
        ]
      },
      "locked": {
        "lastModified": 1780784299,
        "narHash": "sha256-/IbgKo4oU+1fLPwW2MEEU5OserV8DMwKEzosWWGLbAc=",
        "ref": "refs/heads/main",
        "rev": "8ca72e2ab5a263d5a8c7d6c5441ad6303040207e",
        "revCount": 1,
        "type": "git",
        "url": "ssh://git@github.com/danielwaterworth/nix-idris2.git"
      },
      "original": {
        "type": "git",
        "url": "ssh://git@github.com/danielwaterworth/nix-idris2.git"
      }
    },
    "nixpkgs": {
      "locked": {
        "lastModified": 1781577229,
        "narHash": "sha256-lrp67w8AulE9Ks53n27I45ADSzbOCn4H+CNW1Ck8B+8=",
        "owner": "NixOS",
        "repo": "nixpkgs",
        "rev": "567a49d1913ce81ac6e9582e3553dd90a955875f",
        "type": "github"
      },
      "original": {
        "owner": "NixOS",
        "ref": "nixos-unstable",
        "repo": "nixpkgs",
        "type": "github"
      }
    },
    "root": {
      "inputs": {
        "nix-idris2": "nix-idris2",
        "nixpkgs": "nixpkgs"
      }
    }
  },
  "root": "root",
  "version": 7
}
